
Microsoft Visual Studio Solution File, Format Version 12.00
# Visual Studio 15
VisualStudioVersion = 15.0.28307.1145
MinimumVisualStudioVersion = 10.0.40219.1
Project("{FAE04EC0-301F-11D3-BF4B-00C04F79EFBC}") = "Till_Restuarant_Softwear", "Till_Restuarant_Softwear\Till_Restuarant_Softwear.csproj", "{AD4B217A-DD48-4FE2-AE5A-B16A45F9E37B}"
EndProject
Global
	GlobalSection(SolutionConfigurationPlatforms) = preSolution
		Debug|Any CPU = Debug|Any CPU
		Release|Any CPU = Release|Any CPU
	EndGlobalSection
	GlobalSection(ProjectConfigurationPlatforms) = postSolution
		{AD4B217A-DD48-4FE2-AE5A-B16A45F9E37B}.Debug|Any CPU.ActiveCfg = Debug|Any CPU
		{AD4B217A-DD48-4FE2-AE5A-B16A45F9E37B}.Debug|Any CPU.Build.0 = Debug|Any CPU
		{AD4B217A-DD48-4FE2-AE5A-B16A45F9E37B}.Release|Any CPU.ActiveCfg = Release|Any CPU
		{AD4B217A-DD48-4FE2-AE5A-B16A45F9E37B}.Release|Any CPU.Build.0 = Release|Any CPU
	EndGlobalSection
	GlobalSection(SolutionProperties) = preSolution
		HideSolutionNode = FALSE
	EndGlobalSection
	GlobalSection(ExtensibilityGlobals) = postSolution
		SolutionGuid = {BF9FB095-CCAE-40D8-A5D7-65E415F85FFB}
	EndGlobalSection
EndGlobal
